
Microsoft Visual Studio Solution File, Format Version 12.00
# Visual Studio Version 16
VisualStudioVersion = 16.0.30413.136
MinimumVisualStudioVersion = 10.0.40219.1
Project("{9A19103F-16F7-4668-BE54-9A1E7A4F7556}") = "JavaScript", "JavaScript\JavaScript.csproj", "{084A66AD-DDC8-4325-A4D8-E710AB0D141F}"
EndProject
Project("{9A19103F-16F7-4668-BE54-9A1E7A4F7556}") = "NewCsharplearn", "NewCsharplearn\NewCsharplearn.csproj", "{D6522D55-D985-4EC7-A7DF-495B47BE55D2}"
EndProject
Project("{9A19103F-16F7-4668-BE54-9A1E7A4F7556}") = "CSharpTest", "CSharpTest\CSharpTest.csproj", "{A9484A00-6780-43A8-8BB8-0D42B9A5AA16}"
EndProject
Project("{FAE04EC0-301F-11D3-BF4B-00C04F79EFBC}") = "Captcha", "Captcha\Captcha.csproj", "{20773AD2-B152-499F-B154-63E538A3A603}"
EndProject
Project("{9A19103F-16F7-4668-BE54-9A1E7A4F7556}") = "RazorPage", "RazorPage\RazorPage.csproj", "{694B7F3C-4D4B-45D1-A201-0C70D68B1A69}"
EndProject
Project("{FAE04EC0-301F-11D3-BF4B-00C04F79EFBC}") = "EFcore", "EFcore\EFcore.csproj", "{14982CD1-84F1-440A-B1B9-90F2B98437BA}"
EndProject
Global
	GlobalSection(SolutionConfigurationPlatforms) = preSolution
		Debug|Any CPU = Debug|Any CPU
		Release|Any CPU = Release|Any CPU
	EndGlobalSection
	GlobalSection(ProjectConfigurationPlatforms) = postSolution
		{084A66AD-DDC8-4325-A4D8-E710AB0D141F}.Debug|Any CPU.ActiveCfg = Debug|Any CPU
		{084A66AD-DDC8-4325-A4D8-E710AB0D141F}.Debug|Any CPU.Build.0 = Debug|Any CPU
		{084A66AD-DDC8-4325-A4D8-E710AB0D141F}.Release|Any CPU.ActiveCfg = Release|Any CPU
		{084A66AD-DDC8-4325-A4D8-E710AB0D141F}.Release|Any CPU.Build.0 = Release|Any CPU
		{D6522D55-D985-4EC7-A7DF-495B47BE55D2}.Debug|Any CPU.ActiveCfg = Debug|Any CPU
		{D6522D55-D985-4EC7-A7DF-495B47BE55D2}.Debug|Any CPU.Build.0 = Debug|Any CPU
		{D6522D55-D985-4EC7-A7DF-495B47BE55D2}.Release|Any CPU.ActiveCfg = Release|Any CPU
		{D6522D55-D985-4EC7-A7DF-495B47BE55D2}.Release|Any CPU.Build.0 = Release|Any CPU
		{A9484A00-6780-43A8-8BB8-0D42B9A5AA16}.Debug|Any CPU.ActiveCfg = Debug|Any CPU
		{A9484A00-6780-43A8-8BB8-0D42B9A5AA16}.Debug|Any CPU.Build.0 = Debug|Any CPU
		{A9484A00-6780-43A8-8BB8-0D42B9A5AA16}.Release|Any CPU.ActiveCfg = Release|Any CPU
		{A9484A00-6780-43A8-8BB8-0D42B9A5AA16}.Release|Any CPU.Build.0 = Release|Any CPU
		{20773AD2-B152-499F-B154-63E538A3A603}.Debug|Any CPU.ActiveCfg = Debug|Any CPU
		{20773AD2-B152-499F-B154-63E538A3A603}.Debug|Any CPU.Build.0 = Debug|Any CPU
		{20773AD2-B152-499F-B154-63E538A3A603}.Release|Any CPU.ActiveCfg = Release|Any CPU
		{20773AD2-B152-499F-B154-63E538A3A603}.Release|Any CPU.Build.0 = Release|Any CPU
		{694B7F3C-4D4B-45D1-A201-0C70D68B1A69}.Debug|Any CPU.ActiveCfg = Debug|Any CPU
		{694B7F3C-4D4B-45D1-A201-0C70D68B1A69}.Debug|Any CPU.Build.0 = Debug|Any CPU
		{694B7F3C-4D4B-45D1-A201-0C70D68B1A69}.Release|Any CPU.ActiveCfg = Release|Any CPU
		{694B7F3C-4D4B-45D1-A201-0C70D68B1A69}.Release|Any CPU.Build.0 = Release|Any CPU
		{14982CD1-84F1-440A-B1B9-90F2B98437BA}.Debug|Any CPU.ActiveCfg = Debug|Any CPU
		{14982CD1-84F1-440A-B1B9-90F2B98437BA}.Debug|Any CPU.Build.0 = Debug|Any CPU
		{14982CD1-84F1-440A-B1B9-90F2B98437BA}.Release|Any CPU.ActiveCfg = Release|Any CPU
		{14982CD1-84F1-440A-B1B9-90F2B98437BA}.Release|Any CPU.Build.0 = Release|Any CPU
	EndGlobalSection
	GlobalSection(SolutionProperties) = preSolution
		HideSolutionNode = FALSE
	EndGlobalSection
	GlobalSection(ExtensibilityGlobals) = postSolution
		SolutionGuid = {B5614C48-004C-47C4-853D-CF8236A82F4B}
	EndGlobalSection
EndGlobal
