
Microsoft Visual Studio Solution File, Format Version 12.00
# Visual Studio Version 16
VisualStudioVersion = 16.0.30413.136
MinimumVisualStudioVersion = 10.0.40219.1
Project("{9A19103F-16F7-4668-BE54-9A1E7A4F7556}") = "SourceStack", "SourceStack\SourceStack.csproj", "{9117B489-453E-4827-A2EA-8416F9D14452}"
EndProject
Project("{9A19103F-16F7-4668-BE54-9A1E7A4F7556}") = "CSharplearn", "First\CSharplearn.csproj", "{6FFA1F61-DB5D-45F4-8597-2F85BE044794}"
EndProject
Project("{9A19103F-16F7-4668-BE54-9A1E7A4F7556}") = "SELFstudy", "Round\SELFstudy.csproj", "{2355A0E0-CF3B-4DEF-B4B3-5DCBA5185BC5}"
EndProject
Global
	GlobalSection(SolutionConfigurationPlatforms) = preSolution
		Debug|Any CPU = Debug|Any CPU
		Release|Any CPU = Release|Any CPU
	EndGlobalSection
	GlobalSection(ProjectConfigurationPlatforms) = postSolution
		{9117B489-453E-4827-A2EA-8416F9D14452}.Debug|Any CPU.ActiveCfg = Debug|Any CPU
		{9117B489-453E-4827-A2EA-8416F9D14452}.Debug|Any CPU.Build.0 = Debug|Any CPU
		{9117B489-453E-4827-A2EA-8416F9D14452}.Release|Any CPU.ActiveCfg = Release|Any CPU
		{9117B489-453E-4827-A2EA-8416F9D14452}.Release|Any CPU.Build.0 = Release|Any CPU
		{6FFA1F61-DB5D-45F4-8597-2F85BE044794}.Debug|Any CPU.ActiveCfg = Debug|Any CPU
		{6FFA1F61-DB5D-45F4-8597-2F85BE044794}.Debug|Any CPU.Build.0 = Debug|Any CPU
		{6FFA1F61-DB5D-45F4-8597-2F85BE044794}.Release|Any CPU.ActiveCfg = Release|Any CPU
		{6FFA1F61-DB5D-45F4-8597-2F85BE044794}.Release|Any CPU.Build.0 = Release|Any CPU
		{2355A0E0-CF3B-4DEF-B4B3-5DCBA5185BC5}.Debug|Any CPU.ActiveCfg = Debug|Any CPU
		{2355A0E0-CF3B-4DEF-B4B3-5DCBA5185BC5}.Debug|Any CPU.Build.0 = Debug|Any CPU
		{2355A0E0-CF3B-4DEF-B4B3-5DCBA5185BC5}.Release|Any CPU.ActiveCfg = Release|Any CPU
		{2355A0E0-CF3B-4DEF-B4B3-5DCBA5185BC5}.Release|Any CPU.Build.0 = Release|Any CPU
	EndGlobalSection
	GlobalSection(SolutionProperties) = preSolution
		HideSolutionNode = FALSE
	EndGlobalSection
	GlobalSection(ExtensibilityGlobals) = postSolution
		SolutionGuid = {B5614C48-004C-47C4-853D-CF8236A82F4B}
	EndGlobalSection
EndGlobal
